
Microsoft Visual Studio Solution File, Format Version 12.00
# Visual Studio Version 16
VisualStudioVersion = 16.0.30503.244
MinimumVisualStudioVersion = 10.0.40219.1
Project("{FAE04EC0-301F-11D3-BF4B-00C04F79EFBC}") = "API.COVIDstat", "API.COVIDstat\API.COVIDstat.csproj", "{D7CD3790-93F8-4E2B-924B-4DA163C62E4B}"
EndProject
Project("{FAE04EC0-301F-11D3-BF4B-00C04F79EFBC}") = "Domain.COVIDstat", "Domain.COVIDstat\Domain.COVIDstat.csproj", "{6EEBF933-4C9C-4EE9-845A-1C32B5796D5E}"
EndProject
Project("{FAE04EC0-301F-11D3-BF4B-00C04F79EFBC}") = "Infrastructure.COVIDstat", "Infrastructure.COVIDstat\Infrastructure.COVIDstat.csproj", "{C6F4B876-FC56-4F60-BB5A-286C54585DCC}"
EndProject
Global
	GlobalSection(SolutionConfigurationPlatforms) = preSolution
		Debug|Any CPU = Debug|Any CPU
		Release|Any CPU = Release|Any CPU
	EndGlobalSection
	GlobalSection(ProjectConfigurationPlatforms) = postSolution
		{D7CD3790-93F8-4E2B-924B-4DA163C62E4B}.Debug|Any CPU.ActiveCfg = Debug|Any CPU
		{D7CD3790-93F8-4E2B-924B-4DA163C62E4B}.Debug|Any CPU.Build.0 = Debug|Any CPU
		{D7CD3790-93F8-4E2B-924B-4DA163C62E4B}.Release|Any CPU.ActiveCfg = Release|Any CPU
		{D7CD3790-93F8-4E2B-924B-4DA163C62E4B}.Release|Any CPU.Build.0 = Release|Any CPU
		{6EEBF933-4C9C-4EE9-845A-1C32B5796D5E}.Debug|Any CPU.ActiveCfg = Debug|Any CPU
		{6EEBF933-4C9C-4EE9-845A-1C32B5796D5E}.Debug|Any CPU.Build.0 = Debug|Any CPU
		{6EEBF933-4C9C-4EE9-845A-1C32B5796D5E}.Release|Any CPU.ActiveCfg = Release|Any CPU
		{6EEBF933-4C9C-4EE9-845A-1C32B5796D5E}.Release|Any CPU.Build.0 = Release|Any CPU
		{C6F4B876-FC56-4F60-BB5A-286C54585DCC}.Debug|Any CPU.ActiveCfg = Debug|Any CPU
		{C6F4B876-FC56-4F60-BB5A-286C54585DCC}.Debug|Any CPU.Build.0 = Debug|Any CPU
		{C6F4B876-FC56-4F60-BB5A-286C54585DCC}.Release|Any CPU.ActiveCfg = Release|Any CPU
		{C6F4B876-FC56-4F60-BB5A-286C54585DCC}.Release|Any CPU.Build.0 = Release|Any CPU
	EndGlobalSection
	GlobalSection(SolutionProperties) = preSolution
		HideSolutionNode = FALSE
	EndGlobalSection
	GlobalSection(ExtensibilityGlobals) = postSolution
		SolutionGuid = {1BAF235A-F5CE-42C5-BBC3-39129A9F6F4F}
	EndGlobalSection
EndGlobal
